# THIS IS AN AUTOGENERATED FILE. DO NOT EDIT THIS FILE DIRECTLY.
# yarn lockfile v1


"@braintree/sanitize-url@^3.1.0":
  version "3.1.0"
  resolved "https://registry.nlark.com/@braintree/sanitize-url/download/@braintree/sanitize-url-3.1.0.tgz#8ff71d51053cd5ee4981e5a501d80a536244f7fd"
  integrity sha1-j/cdUQU81e5JgeWlAdgKU2JE9/0=

admin-lte@2.3.11:
  version "2.3.11"
  resolved "https://registry.nlark.com/admin-lte/download/admin-lte-2.3.11.tgz#da56dcd34d42e9ef1af362be15520a053a9d43db"
  integrity sha1-2lbc001C6e8a82K+FVIKBTqdQ9s=

ansi-regex@^5.0.1:
  version "5.0.1"
  resolved "https://registry.nlark.com/ansi-regex/download/ansi-regex-5.0.1.tgz#082cb2c89c9fe8659a311a53bd6a4dc5301db304"
  integrity sha1-CCyyyJyf6GWaMRpTvWpNxTAdswQ=

ansi-styles@^4.0.0:
  version "4.3.0"
  resolved "https://registry.nlark.com/ansi-styles/download/ansi-styles-4.3.0.tgz#edd803628ae71c04c85ae7a0906edad34b648937"
  integrity sha1-7dgDYornHATIWuegkG7a00tkiTc=
  dependencies:
    color-convert "^2.0.1"

argparse@^1.0.7:
  version "1.0.10"
  resolved "https://registry.nlark.com/argparse/download/argparse-1.0.10.tgz#bcd6791ea5ae09725e17e5ad988134cd40b3d911"
  integrity sha1-vNZ5HqWuCXJeF+WtmIE0zUCz2RE=
  dependencies:
    sprintf-js "~1.0.2"

blueimp-canvas-to-blob@3.5.0:
  version "3.5.0"
  resolved "https://registry.yarnpkg.com/blueimp-canvas-to-blob/-/blueimp-canvas-to-blob-3.5.0.tgz#5679ac32f6a2835821f0c3ad661719ff85a9236b"
  integrity sha1-VnmsMvaig1gh8MOtZhcZ/4WpI2s=

blueimp-file-upload@9.22.1:
  version "9.22.1"
  resolved "https://registry.yarnpkg.com/blueimp-file-upload/-/blueimp-file-upload-9.22.1.tgz#08a9fccbaf1ec930acf6242c217620b057f0ecc6"
  integrity sha512-ezGkn/agWUWZOw8mYa5yYC9LvUlrT5bN3zk2fPlpLWgyhbBMz8BSGKO3M48BWlXWAeR+lVtEhy9xiG8FLnHEVw==
  optionalDependencies:
    blueimp-canvas-to-blob "3.5.0"
    blueimp-load-image "2.12.2"
    blueimp-tmpl "3.6.0"

blueimp-load-image@2.12.2:
  version "2.12.2"
  resolved "https://registry.yarnpkg.com/blueimp-load-image/-/blueimp-load-image-2.12.2.tgz#6a17598aab858d4fbf01543e0631141b51057c87"
  integrity sha1-ahdZiquFjU+/AVQ+BjEUG1EFfIc=

blueimp-tmpl@3.6.0:
  version "3.6.0"
  resolved "https://registry.yarnpkg.com/blueimp-tmpl/-/blueimp-tmpl-3.6.0.tgz#a4910975d042e2bc03ba77f0e62d04f1548a524c"
  integrity sha1-pJEJddBC4rwDunfw5i0E8VSKUkw=

camelcase@^5.0.0:
  version "5.3.1"
  resolved "https://registry.npmmirror.com/camelcase/download/camelcase-5.3.1.tgz?cache=0&sync_timestamp=1636945130104&other_urls=https%3A%2F%2Fregistry.npmmirror.com%2Fcamelcase%2Fdownload%2Fcamelcase-5.3.1.tgz#e3c9b31569e106811df242f715725a1f4c494320"
  integrity sha1-48mzFWnhBoEd8kL3FXJaH0xJQyA=

cliui@^6.0.0:
  version "6.0.0"
  resolved "https://registry.nlark.com/cliui/download/cliui-6.0.0.tgz#511d702c0c4e41ca156d7d0e96021f23e13225b1"
  integrity sha1-UR1wLAxOQcoVbX0OlgIfI+EyJbE=
  dependencies:
    string-width "^4.2.0"
    strip-ansi "^6.0.0"
    wrap-ansi "^6.2.0"

color-convert@^2.0.1:
  version "2.0.1"
  resolved "https://registry.nlark.com/color-convert/download/color-convert-2.0.1.tgz#72d3a68d598c9bdb3af2ad1e84f21d896abd4de3"
  integrity sha1-ctOmjVmMm9s68q0ehPIdiWq9TeM=
  dependencies:
    color-name "~1.1.4"

color-name@~1.1.4:
  version "1.1.4"
  resolved "https://registry.npm.taobao.org/color-name/download/color-name-1.1.4.tgz#c2a09a87acbde69543de6f63fa3995c826c536a2"
  integrity sha1-wqCah6y95pVD3m9j+jmVyCbFNqI=

commander@2:
  version "2.20.3"
  resolved "https://registry.npmmirror.com/commander/download/commander-2.20.3.tgz?cache=0&sync_timestamp=1634886357672&other_urls=https%3A%2F%2Fregistry.npmmirror.com%2Fcommander%2Fdownload%2Fcommander-2.20.3.tgz#fd485e84c03eb4881c20722ba48035e8531aeb33"
  integrity sha1-/UhehMA+tIgcIHIrpIA16FMa6zM=

commander@7:
  version "7.2.0"
  resolved "https://registry.npmmirror.com/commander/download/commander-7.2.0.tgz?cache=0&sync_timestamp=1634886357672&other_urls=https%3A%2F%2Fregistry.npmmirror.com%2Fcommander%2Fdownload%2Fcommander-7.2.0.tgz#a36cb57d0b501ce108e4d20559a150a391d97ab7"
  integrity sha1-o2y1fQtQHOEI5NIFWaFQo5HZerc=

d3-array@1, d3-array@^1.1.1, d3-array@^1.2.0:
  version "1.2.4"
  resolved "https://registry.npmmirror.com/d3-array/download/d3-array-1.2.4.tgz?cache=0&sync_timestamp=1633231313339&other_urls=https%3A%2F%2Fregistry.npmmirror.com%2Fd3-array%2Fdownload%2Fd3-array-1.2.4.tgz#635ce4d5eea759f6f605863dbcfc30edc737f71f"
  integrity sha1-Y1zk1e6nWfb2BYY9vPww7cc39x8=

"d3-array@2 - 3", "d3-array@2.10.0 - 3", "d3-array@2.5.0 - 3", d3-array@3:
  version "3.1.1"
  resolved "https://registry.npmmirror.com/d3-array/download/d3-array-3.1.1.tgz?cache=0&sync_timestamp=1633231313339&other_urls=https%3A%2F%2Fregistry.npmmirror.com%2Fd3-array%2Fdownload%2Fd3-array-3.1.1.tgz#7797eb53ead6b9083c75a45a681e93fc41bc468c"
  integrity sha1-d5frU+rWuQg8daRaaB6T/EG8Row=
  dependencies:
    internmap "1 - 2"

d3-axis@1:
  version "1.0.12"
  resolved "https://registry.nlark.com/d3-axis/download/d3-axis-1.0.12.tgz#cdf20ba210cfbb43795af33756886fb3638daac9"
  integrity sha1-zfILohDPu0N5WvM3Vohvs2ONqsk=

d3-axis@3:
  version "3.0.0"
  resolved "https://registry.nlark.com/d3-axis/download/d3-axis-3.0.0.tgz#c42a4a13e8131d637b745fc2973824cfeaf93322"
  integrity sha1-xCpKE+gTHWN7dF/Clzgkz+r5MyI=

d3-brush@1:
  version "1.1.6"
  resolved "https://registry.nlark.com/d3-brush/download/d3-brush-1.1.6.tgz#b0a22c7372cabec128bdddf9bddc058592f89e9b"
  integrity sha1-sKIsc3LKvsEovd35vdwFhZL4nps=
  dependencies:
    d3-dispatch "1"
    d3-drag "1"
    d3-interpolate "1"
    d3-selection "1"
    d3-transition "1"

d3-brush@3:
  version "3.0.0"
  resolved "https://registry.nlark.com/d3-brush/download/d3-brush-3.0.0.tgz#6f767c4ed8dcb79de7ede3e1c0f89e63ef64d31c"
  integrity sha1-b3Z8Ttjct53n7ePhwPieY+9k0xw=
  dependencies:
    d3-dispatch "1 - 3"
    d3-drag "2 - 3"
    d3-interpolate "1 - 3"
    d3-selection "3"
    d3-transition "3"

d3-chord@1:
  version "1.0.6"
  resolved "https://registry.nlark.com/d3-chord/download/d3-chord-1.0.6.tgz#309157e3f2db2c752f0280fedd35f2067ccbb15f"
  integrity sha1-MJFX4/LbLHUvAoD+3TXyBnzLsV8=
  dependencies:
    d3-array "1"
    d3-path "1"

d3-chord@3:
  version "3.0.1"
  resolved "https://registry.nlark.com/d3-chord/download/d3-chord-3.0.1.tgz#d156d61f485fce8327e6abf339cb41d8cbba6966"
  integrity sha1-0VbWH0hfzoMn5qvzOctB2Mu6aWY=
  dependencies:
    d3-path "1 - 3"

d3-collection@1:
  version "1.0.7"
  resolved "https://registry.npm.taobao.org/d3-collection/download/d3-collection-1.0.7.tgz#349bd2aa9977db071091c13144d5e4f16b5b310e"
  integrity sha1-NJvSqpl32wcQkcExRNXk8WtbMQ4=

d3-color@1:
  version "1.4.1"
  resolved "https://registry.nlark.com/d3-color/download/d3-color-1.4.1.tgz#c52002bf8846ada4424d55d97982fef26eb3bc8a"
  integrity sha1-xSACv4hGraRCTVXZeYL+8m6zvIo=

"d3-color@1 - 3", d3-color@3:
  version "3.0.1"
  resolved "https://registry.nlark.com/d3-color/download/d3-color-3.0.1.tgz#03316e595955d1fcd39d9f3610ad41bb90194d0a"
  integrity sha1-AzFuWVlV0fzTnZ82EK1Bu5AZTQo=

d3-contour@1:
  version "1.3.2"
  resolved "https://registry.nlark.com/d3-contour/download/d3-contour-1.3.2.tgz#652aacd500d2264cb3423cee10db69f6f59bead3"
  integrity sha1-ZSqs1QDSJkyzQjzuENtp9vWb6tM=
  dependencies:
    d3-array "^1.1.1"

d3-contour@3:
  version "3.0.1"
  resolved "https://registry.nlark.com/d3-contour/download/d3-contour-3.0.1.tgz#2c64255d43059599cd0dba8fe4cc3d51ccdd9bbd"
  integrity sha1-LGQlXUMFlZnNDbqP5Mw9Uczdm70=
  dependencies:
    d3-array "2 - 3"

d3-delaunay@6:
  version "6.0.2"
  resolved "https://registry.nlark.com/d3-delaunay/download/d3-delaunay-6.0.2.tgz#7fd3717ad0eade2fc9939f4260acfb503f984e92"
  integrity sha1-f9NxetDq3i/Jk59CYKz7UD+YTpI=
  dependencies:
    delaunator "5"

d3-dispatch@1:
  version "1.0.6"
  resolved "https://registry.nlark.com/d3-dispatch/download/d3-dispatch-1.0.6.tgz#00d37bcee4dd8cd97729dd893a0ac29caaba5d58"
  integrity sha1-ANN7zuTdjNl3Kd2JOgrCnKq6XVg=

"d3-dispatch@1 - 3", d3-dispatch@3:
  version "3.0.1"
  resolved "https://registry.nlark.com/d3-dispatch/download/d3-dispatch-3.0.1.tgz#5fc75284e9c2375c36c839411a0cf550cbfc4d5e"
  integrity sha1-X8dShOnCN1w2yDlBGgz1UMv8TV4=

d3-drag@1:
  version "1.2.5"
  resolved "https://registry.nlark.com/d3-drag/download/d3-drag-1.2.5.tgz?cache=0&sync_timestamp=1623254998807&other_urls=https%3A%2F%2Fregistry.nlark.com%2Fd3-drag%2Fdownload%2Fd3-drag-1.2.5.tgz#2537f451acd39d31406677b7dc77c82f7d988f70"
  integrity sha1-JTf0UazTnTFAZne33HfIL32Yj3A=
  dependencies:
    d3-dispatch "1"
    d3-selection "1"

"d3-drag@2 - 3", d3-drag@3:
  version "3.0.0"
  resolved "https://registry.nlark.com/d3-drag/download/d3-drag-3.0.0.tgz?cache=0&sync_timestamp=1623254998807&other_urls=https%3A%2F%2Fregistry.nlark.com%2Fd3-drag%2Fdownload%2Fd3-drag-3.0.0.tgz#994aae9cd23c719f53b5e10e3a0a6108c69607ba"
  integrity sha1-mUqunNI8cZ9TteEOOgphCMaWB7o=
  dependencies:
    d3-dispatch "1 - 3"
    d3-selection "3"

d3-dsv@1:
  version "1.2.0"
  resolved "https://registry.nlark.com/d3-dsv/download/d3-dsv-1.2.0.tgz#9d5f75c3a5f8abd611f74d3f5847b0d4338b885c"
  integrity sha1-nV91w6X4q9YR900/WEew1DOLiFw=
  dependencies:
    commander "2"
    iconv-lite "0.4"
    rw "1"

"d3-dsv@1 - 3", d3-dsv@3:
  version "3.0.1"
  resolved "https://registry.nlark.com/d3-dsv/download/d3-dsv-3.0.1.tgz#c63af978f4d6a0d084a52a673922be2160789b73"
  integrity sha1-xjr5ePTWoNCEpSpnOSK+IWB4m3M=
  dependencies:
    commander "7"
    iconv-lite "0.6"
    rw "1"

d3-ease@1:
  version "1.0.7"
  resolved "https://registry.nlark.com/d3-ease/download/d3-ease-1.0.7.tgz#9a834890ef8b8ae8c558b2fe55bd57f5993b85e2"
  integrity sha1-moNIkO+LiujFWLL+Vb1X9Zk7heI=

"d3-ease@1 - 3", d3-ease@3:
  version "3.0.1"
  resolved "https://registry.nlark.com/d3-ease/download/d3-ease-3.0.1.tgz#9658ac38a2140d59d346160f1f6c30fda0bd12f4"
  integrity sha1-llisOKIUDVnTRhYPH2ww/aC9EvQ=

d3-fetch@1:
  version "1.2.0"
  resolved "https://registry.nlark.com/d3-fetch/download/d3-fetch-1.2.0.tgz#15ce2ecfc41b092b1db50abd2c552c2316cf7fc7"
  integrity sha1-Fc4uz8QbCSsdtQq9LFUsIxbPf8c=
  dependencies:
    d3-dsv "1"

d3-fetch@3:
  version "3.0.1"
  resolved "https://registry.nlark.com/d3-fetch/download/d3-fetch-3.0.1.tgz#83141bff9856a0edb5e38de89cdcfe63d0a60a22"
  integrity sha1-gxQb/5hWoO21443onNz+Y9CmCiI=
  dependencies:
    d3-dsv "1 - 3"

d3-force@1:
  version "1.2.1"
  resolved "https://registry.nlark.com/d3-force/download/d3-force-1.2.1.tgz#fd29a5d1ff181c9e7f0669e4bd72bdb0e914ec0b"
  integrity sha1-/Sml0f8YHJ5/BmnkvXK9sOkU7As=
  dependencies:
    d3-collection "1"
    d3-dispatch "1"
    d3-quadtree "1"
    d3-timer "1"

d3-force@3:
  version "3.0.0"
  resolved "https://registry.nlark.com/d3-force/download/d3-force-3.0.0.tgz#3e2ba1a61e70888fe3d9194e30d6d14eece155c4"
  integrity sha1-Piuhph5wiI/j2RlOMNbRTuzhVcQ=
  dependencies:
    d3-dispatch "1 - 3"
    d3-quadtree "1 - 3"
    d3-timer "1 - 3"

d3-format@1:
  version "1.4.5"
  resolved "https://registry.npmmirror.com/d3-format/download/d3-format-1.4.5.tgz#374f2ba1320e3717eb74a9356c67daee17a7edb4"
  integrity sha1-N08roTIONxfrdKk1bGfa7hen7bQ=

"d3-format@1 - 3", d3-format@3:
  version "3.1.0"
  resolved "https://registry.npmmirror.com/d3-format/download/d3-format-3.1.0.tgz#9260e23a28ea5cb109e93b21a06e24e2ebd55641"
  integrity sha512-YyUI6AEuY/Wpt8KWLgZHsIU86atmikuoOmCfommt0LYHiQSPjvX2AcFc38PX0CBpr2RCyZhjex+NS/LPOv6YqA==

d3-geo@1:
  version "1.12.1"
  resolved "https://registry.nlark.com/d3-geo/download/d3-geo-1.12.1.tgz#7fc2ab7414b72e59fbcbd603e80d9adc029b035f"
  integrity sha1-f8KrdBS3Lln7y9YD6A2a3AKbA18=
  dependencies:
    d3-array "1"

d3-geo@3:
  version "3.0.1"
  resolved "https://registry.nlark.com/d3-geo/download/d3-geo-3.0.1.tgz#4f92362fd8685d93e3b1fae0fd97dc8980b1ed7e"
  integrity sha1-T5I2L9hoXZPjsfrg/ZfciYCx7X4=
  dependencies:
    d3-array "2.5.0 - 3"

d3-hierarchy@1:
  version "1.1.9"
  resolved "https://registry.npmmirror.com/d3-hierarchy/download/d3-hierarchy-1.1.9.tgz#2f6bee24caaea43f8dc37545fa01628559647a83"
  integrity sha1-L2vuJMqupD+Nw3VF+gFihVlkeoM=

d3-hierarchy@3:
  version "3.1.1"
  resolved "https://registry.npmmirror.com/d3-hierarchy/download/d3-hierarchy-3.1.1.tgz#9cbb0ffd2375137a351e6cfeed344a06d4ff4597"
  integrity sha512-LtAIu54UctRmhGKllleflmHalttH3zkfSi4NlKrTAoFKjC+AFBJohsCAdgCBYQwH0F8hIOGY89X1pPqAchlMkA==

d3-interpolate@1:
  version "1.4.0"
  resolved "https://registry.nlark.com/d3-interpolate/download/d3-interpolate-1.4.0.tgz#526e79e2d80daa383f9e0c1c1c7dcc0f0583e987"
  integrity sha1-Um554tgNqjg/ngwcHH3MDwWD6Yc=
  dependencies:
    d3-color "1"

"d3-interpolate@1 - 3", "d3-interpolate@1.2.0 - 3", d3-interpolate@3:
  version "3.0.1"
  resolved "https://registry.nlark.com/d3-interpolate/download/d3-interpolate-3.0.1.tgz#3c47aa5b32c5b3dfb56ef3fd4342078a632b400d"
  integrity sha1-PEeqWzLFs9+1bvP9Q0IHimMrQA0=
  dependencies:
    d3-color "1 - 3"

d3-path@1:
  version "1.0.9"
  resolved "https://registry.nlark.com/d3-path/download/d3-path-1.0.9.tgz#48c050bb1fe8c262493a8caf5524e3e9591701cf"
  integrity sha1-SMBQux/owmJJOoyvVSTj6VkXAc8=

"d3-path@1 - 3", d3-path@3:
  version "3.0.1"
  resolved "https://registry.nlark.com/d3-path/download/d3-path-3.0.1.tgz#f09dec0aaffd770b7995f1a399152bf93052321e"
  integrity sha1-8J3sCq/9dwt5lfGjmRUr+TBSMh4=

d3-polygon@1:
  version "1.0.6"
  resolved "https://registry.nlark.com/d3-polygon/download/d3-polygon-1.0.6.tgz#0bf8cb8180a6dc107f518ddf7975e12abbfbd38e"
  integrity sha1-C/jLgYCm3BB/UY3feXXhKrv7044=

d3-polygon@3:
  version "3.0.1"
  resolved "https://registry.nlark.com/d3-polygon/download/d3-polygon-3.0.1.tgz#0b45d3dd1c48a29c8e057e6135693ec80bf16398"
  integrity sha1-C0XT3RxIopyOBX5hNWk+yAvxY5g=

d3-quadtree@1:
  version "1.0.7"
  resolved "https://registry.nlark.com/d3-quadtree/download/d3-quadtree-1.0.7.tgz#ca8b84df7bb53763fe3c2f24bd435137f4e53135"
  integrity sha1-youE33u1N2P+PC8kvUNRN/TlMTU=

"d3-quadtree@1 - 3", d3-quadtree@3:
  version "3.0.1"
  resolved "https://registry.nlark.com/d3-quadtree/download/d3-quadtree-3.0.1.tgz#6dca3e8be2b393c9a9d514dabbd80a92deef1a4f"
  integrity sha1-bco+i+Kzk8mp1RTau9gKkt7vGk8=

d3-random@1:
  version "1.1.2"
  resolved "https://registry.nlark.com/d3-random/download/d3-random-1.1.2.tgz#2833be7c124360bf9e2d3fd4f33847cfe6cab291"
  integrity sha1-KDO+fBJDYL+eLT/U8zhHz+bKspE=

d3-random@3:
  version "3.0.1"
  resolved "https://registry.nlark.com/d3-random/download/d3-random-3.0.1.tgz#d4926378d333d9c0bfd1e6fa0194d30aebaa20f4"
  integrity sha1-1JJjeNMz2cC/0eb6AZTTCuuqIPQ=

d3-scale-chromatic@1:
  version "1.5.0"
  resolved "https://registry.nlark.com/d3-scale-chromatic/download/d3-scale-chromatic-1.5.0.tgz#54e333fc78212f439b14641fb55801dd81135a98"
  integrity sha1-VOMz/HghL0ObFGQftVgB3YETWpg=
  dependencies:
    d3-color "1"
    d3-interpolate "1"

d3-scale-chromatic@3:
  version "3.0.0"
  resolved "https://registry.nlark.com/d3-scale-chromatic/download/d3-scale-chromatic-3.0.0.tgz#15b4ceb8ca2bb0dcb6d1a641ee03d59c3b62376a"
  integrity sha1-FbTOuMorsNy20aZB7gPVnDtiN2o=
  dependencies:
    d3-color "1 - 3"
    d3-interpolate "1 - 3"

d3-scale@2:
  version "2.2.2"
  resolved "https://registry.npmmirror.com/d3-scale/download/d3-scale-2.2.2.tgz?cache=0&other_urls=https%3A%2F%2Fregistry.npmmirror.com%2Fd3-scale%2Fdownload%2Fd3-scale-2.2.2.tgz#4e880e0b2745acaaddd3ede26a9e908a9e17b81f"
  integrity sha1-TogOCydFrKrd0+3iap6Qip4XuB8=
  dependencies:
    d3-array "^1.2.0"
    d3-collection "1"
    d3-format "1"
    d3-interpolate "1"
    d3-time "1"
    d3-time-format "2"

d3-scale@4:
  version "4.0.2"
  resolved "https://registry.npmmirror.com/d3-scale/download/d3-scale-4.0.2.tgz?cache=0&other_urls=https%3A%2F%2Fregistry.npmmirror.com%2Fd3-scale%2Fdownload%2Fd3-scale-4.0.2.tgz#82b38e8e8ff7080764f8dcec77bd4be393689396"
  integrity sha1-grOOjo/3CAdk+Nzsd71L45Nok5Y=
  dependencies:
    d3-array "2.10.0 - 3"
    d3-format "1 - 3"
    d3-interpolate "1.2.0 - 3"
    d3-time "2.1.1 - 3"
    d3-time-format "2 - 4"

d3-selection@1, d3-selection@^1.1.0:
  version "1.4.2"
  resolved "https://registry.nlark.com/d3-selection/download/d3-selection-1.4.2.tgz#dcaa49522c0dbf32d6c1858afc26b6094555bc5c"
  integrity sha1-3KpJUiwNvzLWwYWK/Ca2CUVVvFw=

"d3-selection@2 - 3", d3-selection@3:
  version "3.0.0"
  resolved "https://registry.nlark.com/d3-selection/download/d3-selection-3.0.0.tgz#c25338207efa72cc5b9bd1458a1a41901f1e1b31"
  integrity sha1-wlM4IH76csxbm9FFihpBkB8eGzE=

d3-shape@1:
  version "1.3.7"
  resolved "https://registry.nlark.com/d3-shape/download/d3-shape-1.3.7.tgz#df63801be07bc986bc54f63789b4fe502992b5d7"
  integrity sha1-32OAG+B7yYa8VPY3ibT+UCmStdc=
  dependencies:
    d3-path "1"

d3-shape@3:
  version "3.0.1"
  resolved "https://registry.nlark.com/d3-shape/download/d3-shape-3.0.1.tgz#9ccdfb28fd9b0d12f2d8aec234cd5c4a9ea27931"
  integrity sha1-nM37KP2bDRLy2K7CNM1cSp6ieTE=
  dependencies:
    d3-path "1 - 3"

d3-time-format@2:
  version "2.3.0"
  resolved "https://registry.npmmirror.com/d3-time-format/download/d3-time-format-2.3.0.tgz#107bdc028667788a8924ba040faf1fbccd5a7850"
  integrity sha1-EHvcAoZneIqJJLoED68fvM1aeFA=
  dependencies:
    d3-time "1"

"d3-time-format@2 - 4", d3-time-format@4:
  version "4.1.0"
  resolved "https://registry.npmmirror.com/d3-time-format/download/d3-time-format-4.1.0.tgz#7ab5257a5041d11ecb4fe70a5c7d16a195bb408a"
  integrity sha512-dJxPBlzC7NugB2PDLwo9Q8JiTR3M3e4/XANkreKSUxF8vvXKqm1Yfq4Q5dl8budlunRVlUUaDUgFt7eA8D6NLg==
  dependencies:
    d3-time "1 - 3"

d3-time@1:
  version "1.1.0"
  resolved "https://registry.nlark.com/d3-time/download/d3-time-1.1.0.tgz#b1e19d307dae9c900b7e5b25ffc5dcc249a8a0f1"
  integrity sha1-seGdMH2unJALflsl/8XcwkmooPE=

"d3-time@1 - 3", "d3-time@2.1.1 - 3", d3-time@3:
  version "3.0.0"
  resolved "https://registry.nlark.com/d3-time/download/d3-time-3.0.0.tgz#65972cb98ae2d4954ef5c932e8704061335d4975"
  integrity sha1-ZZcsuYri1JVO9cky6HBAYTNdSXU=
  dependencies:
    d3-array "2 - 3"

d3-timer@1:
  version "1.0.10"
  resolved "https://registry.nlark.com/d3-timer/download/d3-timer-1.0.10.tgz#dfe76b8a91748831b13b6d9c793ffbd508dd9de5"
  integrity sha1-3+dripF0iDGxO22ceT/71QjdneU=

"d3-timer@1 - 3", d3-timer@3:
  version "3.0.1"
  resolved "https://registry.nlark.com/d3-timer/download/d3-timer-3.0.1.tgz#6284d2a2708285b1abb7e201eda4380af35e63b0"
  integrity sha1-YoTSonCChbGrt+IB7aQ4CvNeY7A=

d3-transition@1:
  version "1.3.2"
  resolved "https://registry.nlark.com/d3-transition/download/d3-transition-1.3.2.tgz#a98ef2151be8d8600543434c1ca80140ae23b398"
  integrity sha1-qY7yFRvo2GAFQ0NMHKgBQK4js5g=
  dependencies:
    d3-color "1"
    d3-dispatch "1"
    d3-ease "1"
    d3-interpolate "1"
    d3-selection "^1.1.0"
    d3-timer "1"

"d3-transition@2 - 3", d3-transition@3:
  version "3.0.1"
  resolved "https://registry.nlark.com/d3-transition/download/d3-transition-3.0.1.tgz#6869fdde1448868077fdd5989200cb61b2a1645f"
  integrity sha1-aGn93hRIhoB3/dWYkgDLYbKhZF8=
  dependencies:
    d3-color "1 - 3"
    d3-dispatch "1 - 3"
    d3-ease "1 - 3"
    d3-interpolate "1 - 3"
    d3-timer "1 - 3"

d3-voronoi@1:
  version "1.1.4"
  resolved "https://registry.npm.taobao.org/d3-voronoi/download/d3-voronoi-1.1.4.tgz#dd3c78d7653d2bb359284ae478645d95944c8297"
  integrity sha1-3Tx412U9K7NZKErkeGRdlZRMgpc=

d3-zoom@1:
  version "1.8.3"
  resolved "https://registry.nlark.com/d3-zoom/download/d3-zoom-1.8.3.tgz#b6a3dbe738c7763121cd05b8a7795ffe17f4fc0a"
  integrity sha1-tqPb5zjHdjEhzQW4p3lf/hf0/Ao=
  dependencies:
    d3-dispatch "1"
    d3-drag "1"
    d3-interpolate "1"
    d3-selection "1"
    d3-transition "1"

d3-zoom@3:
  version "3.0.0"
  resolved "https://registry.nlark.com/d3-zoom/download/d3-zoom-3.0.0.tgz#d13f4165c73217ffeaa54295cd6969b3e7aee8f3"
  integrity sha1-0T9BZccyF//qpUKVzWlps+eu6PM=
  dependencies:
    d3-dispatch "1 - 3"
    d3-drag "2 - 3"
    d3-interpolate "1 - 3"
    d3-selection "2 - 3"
    d3-transition "2 - 3"

d3@^5.14:
  version "5.16.0"
  resolved "https://registry.npmmirror.com/d3/download/d3-5.16.0.tgz#9c5e8d3b56403c79d4ed42fbd62f6113f199c877"
  integrity sha1-nF6NO1ZAPHnU7UL71i9hE/GZyHc=
  dependencies:
    d3-array "1"
    d3-axis "1"
    d3-brush "1"
    d3-chord "1"
    d3-collection "1"
    d3-color "1"
    d3-contour "1"
    d3-dispatch "1"
    d3-drag "1"
    d3-dsv "1"
    d3-ease "1"
    d3-fetch "1"
    d3-force "1"
    d3-format "1"
    d3-geo "1"
    d3-hierarchy "1"
    d3-interpolate "1"
    d3-path "1"
    d3-polygon "1"
    d3-quadtree "1"
    d3-random "1"
    d3-scale "2"
    d3-scale-chromatic "1"
    d3-selection "1"
    d3-shape "1"
    d3-time "1"
    d3-time-format "2"
    d3-timer "1"
    d3-transition "1"
    d3-voronoi "1"
    d3-zoom "1"

d3@^7.0.0:
  version "7.2.1"
  resolved "https://registry.npmmirror.com/d3/download/d3-7.2.1.tgz#97eafaa6fc8cd7c564c3ace1e6678cbecf63f3ea"
  integrity sha512-E/5sP0aeK6YPXI/+4QlefvBFgmcyR2jYftId0PrYWv4Y/gW3c3thp1XG4rQzF0eUwV9tR1x05X5eWuJ6rQXvew==
  dependencies:
    d3-array "3"
    d3-axis "3"
    d3-brush "3"
    d3-chord "3"
    d3-color "3"
    d3-contour "3"
    d3-delaunay "6"
    d3-dispatch "3"
    d3-drag "3"
    d3-dsv "3"
    d3-ease "3"
    d3-fetch "3"
    d3-force "3"
    d3-format "3"
    d3-geo "3"
    d3-hierarchy "3"
    d3-interpolate "3"
    d3-path "3"
    d3-polygon "3"
    d3-quadtree "3"
    d3-random "3"
    d3-scale "4"
    d3-scale-chromatic "3"
    d3-selection "3"
    d3-shape "3"
    d3-time "3"
    d3-time-format "4"
    d3-timer "3"
    d3-transition "3"
    d3-zoom "3"

dagre-d3@^0.6.4:
  version "0.6.4"
  resolved "https://registry.npm.taobao.org/dagre-d3/download/dagre-d3-0.6.4.tgz#0728d5ce7f177ca2337df141ceb60fbe6eeb7b29"
  integrity sha1-ByjVzn8XfKIzffFBzrYPvm7reyk=
  dependencies:
    d3 "^5.14"
    dagre "^0.8.5"
    graphlib "^2.1.8"
    lodash "^4.17.15"

dagre@^0.8.5:
  version "0.8.5"
  resolved "https://registry.npm.taobao.org/dagre/download/dagre-0.8.5.tgz#ba30b0055dac12b6c1fcc247817442777d06afee"
  integrity sha1-ujCwBV2sErbB/MJHgXRCd30Gr+4=
  dependencies:
    graphlib "^2.1.8"
    lodash "^4.17.15"

decamelize@^1.2.0:
  version "1.2.0"
  resolved "https://registry.npmmirror.com/decamelize/download/decamelize-1.2.0.tgz?cache=0&sync_timestamp=1633055760479&other_urls=https%3A%2F%2Fregistry.npmmirror.com%2Fdecamelize%2Fdownload%2Fdecamelize-1.2.0.tgz#f6534d15148269b20352e7bee26f501f9a191290"
  integrity sha1-9lNNFRSCabIDUue+4m9QH5oZEpA=

delaunator@5:
  version "5.0.0"
  resolved "https://registry.npm.taobao.org/delaunator/download/delaunator-5.0.0.tgz#60f052b28bd91c9b4566850ebf7756efe821d81b"
  integrity sha1-YPBSsovZHJtFZoUOv3dW7+gh2Bs=
  dependencies:
    robust-predicates "^3.0.0"

desandro-matches-selector@^2.0.0:
  version "2.0.2"
  resolved "https://registry.npm.taobao.org/desandro-matches-selector/download/desandro-matches-selector-2.0.2.tgz#717beed4dc13e7d8f3762f707a6d58a6774218e1"
  integrity sha1-cXvu1NwT59jzdi9wem1YpndCGOE=

doctrine@^3.0.0:
  version "3.0.0"
  resolved "https://registry.nlark.com/doctrine/download/doctrine-3.0.0.tgz#addebead72a6574db783639dc87a121773973961"
  integrity sha1-rd6+rXKmV023g2OdyHoSF3OXOWE=
  dependencies:
    esutils "^2.0.2"

dompurify@2.3.4:
  version "2.3.4"
  resolved "https://registry.npmmirror.com/dompurify/download/dompurify-2.3.4.tgz#1cf5cf0105ccb4debdf6db162525bd41e6ddacc6"
  integrity sha512-6BVcgOAVFXjI0JTjEvZy901Rghm+7fDQOrNIcxB4+gdhj6Kwp6T9VBhBY/AbagKHJocRkDYGd6wvI+p4/10xtQ==

emoji-regex@^8.0.0:
  version "8.0.0"
  resolved "https://registry.npmmirror.com/emoji-regex/download/emoji-regex-8.0.0.tgz?cache=0&sync_timestamp=1632751333727&other_urls=https%3A%2F%2Fregistry.npmmirror.com%2Femoji-regex%2Fdownload%2Femoji-regex-8.0.0.tgz#e818fd69ce5ccfcb404594f842963bf53164cc37"
  integrity sha1-6Bj9ac5cz8tARZT4QpY79TFkzDc=

entities@~2.0.0:
  version "2.0.3"
  resolved "https://registry.nlark.com/entities/download/entities-2.0.3.tgz#5c487e5742ab93c15abb5da22759b8590ec03b7f"
  integrity sha1-XEh+V0Krk8Fau12iJ1m4WQ7AO38=

esutils@^2.0.2:
  version "2.0.3"
  resolved "https://registry.npm.taobao.org/esutils/download/esutils-2.0.3.tgz#74d2eb4de0b8da1293711910d50775b9b710ef64"
  integrity sha1-dNLrTeC42hKTcRkQ1Qd1ubcQ72Q=

ev-emitter@^1.0.0:
  version "1.1.1"
  resolved "https://registry.npm.taobao.org/ev-emitter/download/ev-emitter-1.1.1.tgz#8f18b0ce5c76a5d18017f71c0a795c65b9138f2a"
  integrity sha1-jxiwzlx2pdGAF/ccCnlcZbkTjyo=

file@^0.2.2:
  version "0.2.2"
  resolved "https://registry.npm.taobao.org/file/download/file-0.2.2.tgz#c3dfd8f8cf3535ae455c2b423c2e52635d76b4d3"
  integrity sha1-w9/Y+M81Na5FXCtCPC5SY112tNM=

find-up@^4.1.0:
  version "4.1.0"
  resolved "https://registry.npmmirror.com/find-up/download/find-up-4.1.0.tgz?cache=0&sync_timestamp=1633620747957&other_urls=https%3A%2F%2Fregistry.npmmirror.com%2Ffind-up%2Fdownload%2Ffind-up-4.1.0.tgz#97afe7d6cdc0bc5928584b7c8d7b16e8a9aa5d19"
  integrity sha1-l6/n1s3AvFkoWEt8jXsW6KmqXRk=
  dependencies:
    locate-path "^5.0.0"
    path-exists "^4.0.0"

fizzy-ui-utils@^2.0.0:
  version "2.0.7"
  resolved "https://registry.npm.taobao.org/fizzy-ui-utils/download/fizzy-ui-utils-2.0.7.tgz#7df45dcc4eb374a08b65d39bb9a4beedf7330505"
  integrity sha1-ffRdzE6zdKCLZdObuaS+7fczBQU=
  dependencies:
    desandro-matches-selector "^2.0.0"

flatpickr@2.5.6:
  version "2.5.6"
  resolved "https://registry.nlark.com/flatpickr/download/flatpickr-2.5.6.tgz#79349de3d6685305a7b764d66c3cc0f8b05d9bb7"
  integrity sha1-eTSd49ZoUwWnt2TWbDzA+LBdm7c=

font-awesome@4.7.0:
  version "4.7.0"
  resolved "https://registry.npm.taobao.org/font-awesome/download/font-awesome-4.7.0.tgz#8fa8cf0411a1a31afd07b06d2902bb9fc815a133"
  integrity sha1-j6jPBBGhoxr9B7BtKQK7n8gVoTM=

get-caller-file@^2.0.1:
  version "2.0.5"
  resolved "https://registry.nlark.com/get-caller-file/download/get-caller-file-2.0.5.tgz#4f94412a82db32f36e3b0b9741f8a97feb031f7e"
  integrity sha1-T5RBKoLbMvNuOwuXQfipf+sDH34=

get-size@^2.0.2:
  version "2.0.3"
  resolved "https://registry.npm.taobao.org/get-size/download/get-size-2.0.3.tgz#54a1d0256b20ea7ac646516756202769941ad2ef"
  integrity sha1-VKHQJWsg6nrGRlFnViAnaZQa0u8=

graphlib@^2.1.8:
  version "2.1.8"
  resolved "https://registry.npm.taobao.org/graphlib/download/graphlib-2.1.8.tgz#5761d414737870084c92ec7b5dbcb0592c9d35da"
  integrity sha1-V2HUFHN4cAhMkux7XbywWSydNdo=
  dependencies:
    lodash "^4.17.15"

html5shiv@^3.7.3:
  version "3.7.3"
  resolved "https://registry.npm.taobao.org/html5shiv/download/html5shiv-3.7.3.tgz#d78a84a367bcb9a710100d57802c387b084631d2"
  integrity sha1-14qEo2e8uacQEA1XgCw4ewhGMdI=

iconv-lite@0.4:
  version "0.4.24"
  resolved "https://registry.nlark.com/iconv-lite/download/iconv-lite-0.4.24.tgz#2022b4b25fbddc21d2f524974a474aafe733908b"
  integrity sha1-ICK0sl+93CHS9SSXSkdKr+czkIs=
  dependencies:
    safer-buffer ">= 2.1.2 < 3"

iconv-lite@0.6:
  version "0.6.3"
  resolved "https://registry.nlark.com/iconv-lite/download/iconv-lite-0.6.3.tgz#a52f80bf38da1952eb5c681790719871a1a72501"
  integrity sha1-pS+AvzjaGVLrXGgXkHGYcaGnJQE=
  dependencies:
    safer-buffer ">= 2.1.2 < 3.0.0"

"internmap@1 - 2":
  version "2.0.3"
  resolved "https://registry.nlark.com/internmap/download/internmap-2.0.3.tgz?cache=0&sync_timestamp=1632107515842&other_urls=https%3A%2F%2Fregistry.nlark.com%2Finternmap%2Fdownload%2Finternmap-2.0.3.tgz#6685f23755e43c524e251d29cbc97248e3061009"
  integrity sha1-ZoXyN1XkPFJOJR0py8lySOMGEAk=

ionicons@2.0.1:
  version "2.0.1"
  resolved "https://registry.npmmirror.com/ionicons/download/ionicons-2.0.1.tgz#ca398113293ea870244f538f0aabbd4b5b209a3e"
  integrity sha1-yjmBEyk+qHAkT1OPCqu9S1sgmj4=

is-fullwidth-code-point@^3.0.0:
  version "3.0.0"
  resolved "https://registry.nlark.com/is-fullwidth-code-point/download/is-fullwidth-code-point-3.0.0.tgz#f116f8064fe90b3f7844a38997c0b75051269f1d"
  integrity sha1-8Rb4Bk/pCz94RKOJl8C3UFEmnx0=

khroma@^1.4.1:
  version "1.4.1"
  resolved "https://registry.npm.taobao.org/khroma/download/khroma-1.4.1.tgz#ad6a5b6a972befc5112ce5129887a1a83af2c003"
  integrity sha1-rWpbapcr78URLOUSmIehqDrywAM=

linkify-it@^2.0.0:
  version "2.2.0"
  resolved "https://registry.npmmirror.com/linkify-it/download/linkify-it-2.2.0.tgz?cache=0&sync_timestamp=1633116216426&other_urls=https%3A%2F%2Fregistry.npmmirror.com%2Flinkify-it%2Fdownload%2Flinkify-it-2.2.0.tgz#e3b54697e78bf915c70a38acd78fd09e0058b1cf"
  integrity sha1-47VGl+eL+RXHCjis14/QngBYsc8=
  dependencies:
    uc.micro "^1.0.1"

locate-path@^5.0.0:
  version "5.0.0"
  resolved "https://registry.nlark.com/locate-path/download/locate-path-5.0.0.tgz#1afba396afd676a6d42504d0a67a3a7eb9f62aa0"
  integrity sha1-Gvujlq/WdqbUJQTQpno6frn2KqA=
  dependencies:
    p-locate "^4.1.0"

lodash@^4.17.15, lodash@^4.17.21:
  version "4.17.21"
  resolved "https://registry.nlark.com/lodash/download/lodash-4.17.21.tgz?cache=0&sync_timestamp=1618847150612&other_urls=https%3A%2F%2Fregistry.nlark.com%2Flodash%2Fdownload%2Flodash-4.17.21.tgz#679591c564c3bffaae8454cf0b3df370c3d6911c"
  integrity sha1-Z5WRxWTDv/quhFTPCz3zcMPWkRw=

markdown-it@^10.0.0:
  version "10.0.0"
  resolved "https://registry.npmmirror.com/markdown-it/download/markdown-it-10.0.0.tgz#abfc64f141b1722d663402044e43927f1f50a8dc"
  integrity sha1-q/xk8UGxci1mNAIETkOSfx9QqNw=
  dependencies:
    argparse "^1.0.7"
    entities "~2.0.0"
    linkify-it "^2.0.0"
    mdurl "^1.0.1"
    uc.micro "^1.0.5"

masonry-layout@^4.2.2:
  version "4.2.2"
  resolved "https://registry.npm.taobao.org/masonry-layout/download/masonry-layout-4.2.2.tgz#d57b44af13e601bfcdc423f1dd8348b5524de348"
  integrity sha1-1XtErxPmAb/NxCPx3YNItVJN40g=
  dependencies:
    get-size "^2.0.2"
    outlayer "^2.1.0"

mdurl@^1.0.1:
  version "1.0.1"
  resolved "https://registry.npm.taobao.org/mdurl/download/mdurl-1.0.1.tgz#fe85b2ec75a59037f2adfec100fd6c601761152e"
  integrity sha1-/oWy7HWlkDfyrf7BAP1sYBdhFS4=

mermaid@^8.13.8:
  version "8.13.8"
  resolved "https://registry.yarnpkg.com/mermaid/-/mermaid-8.13.8.tgz#fc137e2a59df34a3e053712033833ffbbc8d84a9"
  integrity sha512-Z5v31rvo8P7BPTiGicdJl9BbzyUe9s5sXILK8sM1g7ijkagpfFjPtXZVsq5P1WlN8m/fUp2PPNXVF9SqeTM91w==
  dependencies:
    "@braintree/sanitize-url" "^3.1.0"
    d3 "^7.0.0"
    dagre "^0.8.5"
    dagre-d3 "^0.6.4"
    dompurify "2.3.4"
    graphlib "^2.1.8"
    khroma "^1.4.1"
    moment-mini "^2.24.0"
    stylis "^4.0.10"

minimist@^1.2.5:
  version "1.2.5"
  resolved "https://registry.npm.taobao.org/minimist/download/minimist-1.2.5.tgz#67d66014b66a6a8aaa0c083c5fd58df4e4e97602"
  integrity sha1-Z9ZgFLZqaoqqDAg8X9WN9OTpdgI=

mkdirp@0.5.5:
  version "0.5.5"
  resolved "https://registry.npmmirror.com/mkdirp/download/mkdirp-0.5.5.tgz#d91cefd62d1436ca0f41620e251288d420099def"
  integrity sha1-2Rzv1i0UNsoPQWIOJRKI1CAJne8=
  dependencies:
    minimist "^1.2.5"

modernizr@^3.11.8:
  version "3.11.8"
  resolved "https://registry.nlark.com/modernizr/download/modernizr-3.11.8.tgz#128fe6b66364673ae6f8d30fbf4a00f60288ec3e"
  integrity sha1-Eo/mtmNkZzrm+NMPv0oA9gKI7D4=
  dependencies:
    doctrine "^3.0.0"
    file "^0.2.2"
    lodash "^4.17.21"
    markdown-it "^10.0.0"
    mkdirp "0.5.5"
    requirejs "^2.3.6"
    yargs "^15.4.1"

moment-mini@^2.24.0:
  version "2.24.0"
  resolved "https://registry.npm.taobao.org/moment-mini/download/moment-mini-2.24.0.tgz#fa68d98f7fe93ae65bf1262f6abb5fb6983d8d18"
  integrity sha1-+mjZj3/pOuZb8SYvartftpg9jRg=

outlayer@^2.1.0:
  version "2.1.1"
  resolved "https://registry.npm.taobao.org/outlayer/download/outlayer-2.1.1.tgz#29863b6de10ea5dadfffcadfa0d728907387e9a2"
  integrity sha1-KYY7beEOpdrf/8rfoNcokHOH6aI=
  dependencies:
    ev-emitter "^1.0.0"
    fizzy-ui-utils "^2.0.0"
    get-size "^2.0.2"

p-limit@^2.2.0:
  version "2.3.0"
  resolved "https://registry.nlark.com/p-limit/download/p-limit-2.3.0.tgz#3dd33c647a214fdfffd835933eb086da0dc21db1"
  integrity sha1-PdM8ZHohT9//2DWTPrCG2g3CHbE=
  dependencies:
    p-try "^2.0.0"

p-locate@^4.1.0:
  version "4.1.0"
  resolved "https://registry.nlark.com/p-locate/download/p-locate-4.1.0.tgz?cache=0&sync_timestamp=1629892721671&other_urls=https%3A%2F%2Fregistry.nlark.com%2Fp-locate%2Fdownload%2Fp-locate-4.1.0.tgz#a3428bb7088b3a60292f66919278b7c297ad4f07"
  integrity sha1-o0KLtwiLOmApL2aRkni3wpetTwc=
  dependencies:
    p-limit "^2.2.0"

p-try@^2.0.0:
  version "2.2.0"
  resolved "https://registry.npmmirror.com/p-try/download/p-try-2.2.0.tgz#cb2868540e313d61de58fafbe35ce9004d5540e6"
  integrity sha1-yyhoVA4xPWHeWPr741zpAE1VQOY=

path-exists@^4.0.0:
  version "4.0.0"
  resolved "https://registry.nlark.com/path-exists/download/path-exists-4.0.0.tgz#513bdbe2d3b95d7762e8c1137efa195c6c61b5b3"
  integrity sha1-UTvb4tO5XXdi6METfvoZXGxhtbM=

require-directory@^2.1.1:
  version "2.1.1"
  resolved "https://registry.nlark.com/require-directory/download/require-directory-2.1.1.tgz#8c64ad5fd30dab1c976e2344ffe7f792a6a6df42"
  integrity sha1-jGStX9MNqxyXbiNE/+f3kqam30I=

require-main-filename@^2.0.0:
  version "2.0.0"
  resolved "https://registry.nlark.com/require-main-filename/download/require-main-filename-2.0.0.tgz#d0b329ecc7cc0f61649f62215be69af54aa8989b"
  integrity sha1-0LMp7MfMD2Fkn2IhW+aa9UqomJs=

requirejs@^2.3.6:
  version "2.3.6"
  resolved "https://registry.npm.taobao.org/requirejs/download/requirejs-2.3.6.tgz#e5093d9601c2829251258c0b9445d4d19fa9e7c9"
  integrity sha1-5Qk9lgHCgpJRJYwLlEXU0Z+p58k=

respond@^0.9.0:
  version "0.9.0"
  resolved "https://registry.npmmirror.com/respond/download/respond-0.9.0.tgz#fd8c298efe03b3bb7f4fc4cb58ddd7f34b51cd68"
  integrity sha1-/Ywpjv4Ds7t/T8TLWN3X80tRzWg=

robust-predicates@^3.0.0:
  version "3.0.1"
  resolved "https://registry.npm.taobao.org/robust-predicates/download/robust-predicates-3.0.1.tgz#ecde075044f7f30118682bd9fb3f123109577f9a"
  integrity sha1-7N4HUET38wEYaCvZ+z8SMQlXf5o=

rw@1:
  version "1.3.3"
  resolved "https://registry.npmmirror.com/rw/download/rw-1.3.3.tgz#3f862dfa91ab766b14885ef4d01124bfda074fb4"
  integrity sha1-P4Yt+pGrdmsUiF700BEkv9oHT7Q=

"safer-buffer@>= 2.1.2 < 3", "safer-buffer@>= 2.1.2 < 3.0.0":
  version "2.1.2"
  resolved "https://registry.nlark.com/safer-buffer/download/safer-buffer-2.1.2.tgz#44fa161b0187b9549dd84bb91802f9bd8385cd6a"
  integrity sha1-RPoWGwGHuVSd2Eu5GAL5vYOFzWo=

selectivizr@^1.0.3:
  version "1.0.3"
  resolved "https://registry.npmmirror.com/selectivizr/download/selectivizr-1.0.3.tgz#a38e86089f0bfa09f2ae1d4ed29cddc7be7c4f6e"
  integrity sha1-o46GCJ8L+gnyrh1O0pzdx758T24=

set-blocking@^2.0.0:
  version "2.0.0"
  resolved "https://registry.nlark.com/set-blocking/download/set-blocking-2.0.0.tgz#045f9782d011ae9a6803ddd382b24392b3d890f7"
  integrity sha1-BF+XgtARrppoA93TgrJDkrPYkPc=

sprintf-js@~1.0.2:
  version "1.0.3"
  resolved "https://registry.nlark.com/sprintf-js/download/sprintf-js-1.0.3.tgz#04e6926f662895354f3dd015203633b857297e2c"
  integrity sha1-BOaSb2YolTVPPdAVIDYzuFcpfiw=

string-width@^4.1.0, string-width@^4.2.0:
  version "4.2.3"
  resolved "https://registry.npmmirror.com/string-width/download/string-width-4.2.3.tgz?cache=0&sync_timestamp=1632421309919&other_urls=https%3A%2F%2Fregistry.npmmirror.com%2Fstring-width%2Fdownload%2Fstring-width-4.2.3.tgz#269c7117d27b05ad2e536830a8ec895ef9c6d010"
  integrity sha1-JpxxF9J7Ba0uU2gwqOyJXvnG0BA=
  dependencies:
    emoji-regex "^8.0.0"
    is-fullwidth-code-point "^3.0.0"
    strip-ansi "^6.0.1"

strip-ansi@^6.0.0, strip-ansi@^6.0.1:
  version "6.0.1"
  resolved "https://registry.npmmirror.com/strip-ansi/download/strip-ansi-6.0.1.tgz#9e26c63d30f53443e9489495b2105d37b67a85d9"
  integrity sha1-nibGPTD1NEPpSJSVshBdN7Z6hdk=
  dependencies:
    ansi-regex "^5.0.1"

stylis@^4.0.10:
  version "4.0.13"
  resolved "https://registry.npmmirror.com/stylis/download/stylis-4.0.13.tgz#f5db332e376d13cc84ecfe5dace9a2a51d954c91"
  integrity sha512-xGPXiFVl4YED9Jh7Euv2V220mriG9u4B2TA6Ybjc1catrstKD2PpIdU3U0RKpkVBC2EhmL/F0sPCr9vrFTNRag==

uc.micro@^1.0.1, uc.micro@^1.0.5:
  version "1.0.6"
  resolved "https://registry.npm.taobao.org/uc.micro/download/uc.micro-1.0.6.tgz#9c411a802a409a91fc6cf74081baba34b24499ac"
  integrity sha1-nEEagCpAmpH8bPdAgbq6NLJEmaw=

which-module@^2.0.0:
  version "2.0.0"
  resolved "https://registry.nlark.com/which-module/download/which-module-2.0.0.tgz#d9ef07dce77b9902b8a3a8fa4b31c3e3f7e6e87a"
  integrity sha1-2e8H3Od7mQK4o6j6SzHD4/fm6Ho=

wrap-ansi@^6.2.0:
  version "6.2.0"
  resolved "https://registry.nlark.com/wrap-ansi/download/wrap-ansi-6.2.0.tgz?cache=0&other_urls=https%3A%2F%2Fregistry.nlark.com%2Fwrap-ansi%2Fdownload%2Fwrap-ansi-6.2.0.tgz#e9393ba07102e6c91a3b221478f0257cd2856e53"
  integrity sha1-6Tk7oHEC5skaOyIUePAlfNKFblM=
  dependencies:
    ansi-styles "^4.0.0"
    string-width "^4.1.0"
    strip-ansi "^6.0.0"

y18n@^4.0.0:
  version "4.0.3"
  resolved "https://registry.nlark.com/y18n/download/y18n-4.0.3.tgz#b5f259c82cd6e336921efd7bfd8bf560de9eeedf"
  integrity sha1-tfJZyCzW4zaSHv17/Yv1YN6e7t8=

yargs-parser@^18.1.2:
  version "18.1.3"
  resolved "https://registry.npmmirror.com/yargs-parser/download/yargs-parser-18.1.3.tgz?cache=0&sync_timestamp=1637031045984&other_urls=https%3A%2F%2Fregistry.npmmirror.com%2Fyargs-parser%2Fdownload%2Fyargs-parser-18.1.3.tgz#be68c4975c6b2abf469236b0c870362fab09a7b0"
  integrity sha1-vmjEl1xrKr9GkjawyHA2L6sJp7A=
  dependencies:
    camelcase "^5.0.0"
    decamelize "^1.2.0"

yargs@^15.4.1:
  version "15.4.1"
  resolved "https://registry.npmmirror.com/yargs/download/yargs-15.4.1.tgz#0d87a16de01aee9d8bec2bfbf74f67851730f4f8"
  integrity sha1-DYehbeAa7p2L7Cv7909nhRcw9Pg=
  dependencies:
    cliui "^6.0.0"
    decamelize "^1.2.0"
    find-up "^4.1.0"
    get-caller-file "^2.0.1"
    require-directory "^2.1.1"
    require-main-filename "^2.0.0"
    set-blocking "^2.0.0"
    string-width "^4.2.0"
    which-module "^2.0.0"
    y18n "^4.0.0"
    yargs-parser "^18.1.2"
